<<<<<<< HEAD
﻿
Microsoft Visual Studio Solution File, Format Version 12.00
# Visual Studio Version 17
VisualStudioVersion = 17.5.002.0
MinimumVisualStudioVersion = 10.0.40219.1
Project("{2150E333-8FDC-42A3-9474-1A3956D46DE8}") = "backend", "backend", "{A6891BA6-9B61-441E-BC68-724AE98C6D89}"
EndProject
Project("{9A19103F-16F7-4668-BE54-9A1E7A4F7556}") = "Troopers.Capibank", "backend\Troopers.Capibank\Troopers.Capibank.csproj", "{37F2ECD3-58E4-44B1-BB8B-701533B4C3F6}"
EndProject
Global
	GlobalSection(SolutionConfigurationPlatforms) = preSolution
		Debug|Any CPU = Debug|Any CPU
		Release|Any CPU = Release|Any CPU
	EndGlobalSection
	GlobalSection(ProjectConfigurationPlatforms) = postSolution
		{37F2ECD3-58E4-44B1-BB8B-701533B4C3F6}.Debug|Any CPU.ActiveCfg = Debug|Any CPU
		{37F2ECD3-58E4-44B1-BB8B-701533B4C3F6}.Debug|Any CPU.Build.0 = Debug|Any CPU
		{37F2ECD3-58E4-44B1-BB8B-701533B4C3F6}.Release|Any CPU.ActiveCfg = Release|Any CPU
		{37F2ECD3-58E4-44B1-BB8B-701533B4C3F6}.Release|Any CPU.Build.0 = Release|Any CPU
	EndGlobalSection
	GlobalSection(SolutionProperties) = preSolution
		HideSolutionNode = FALSE
	EndGlobalSection
	GlobalSection(NestedProjects) = preSolution
		{37F2ECD3-58E4-44B1-BB8B-701533B4C3F6} = {A6891BA6-9B61-441E-BC68-724AE98C6D89}
	EndGlobalSection
	GlobalSection(ExtensibilityGlobals) = postSolution
		SolutionGuid = {0EBB4D6D-EA68-42D8-B982-C84293F7ED3E}
	EndGlobalSection
EndGlobal
=======
﻿
Microsoft Visual Studio Solution File, Format Version 12.00
# Visual Studio Version 17
VisualStudioVersion = 17.5.002.0
MinimumVisualStudioVersion = 10.0.40219.1
Project("{2150E333-8FDC-42A3-9474-1A3956D46DE8}") = "backend", "backend", "{FCBB6158-EEEF-4EA3-8296-B4934D6A72A8}"
EndProject
Project("{9A19103F-16F7-4668-BE54-9A1E7A4F7556}") = "Troopers.Capibank", "backend\Troopers.Capibank\Troopers.Capibank.csproj", "{9EB7A246-2609-40E2-B89A-2C464F72771E}"
EndProject
Global
	GlobalSection(SolutionConfigurationPlatforms) = preSolution
		Debug|Any CPU = Debug|Any CPU
		Release|Any CPU = Release|Any CPU
	EndGlobalSection
	GlobalSection(ProjectConfigurationPlatforms) = postSolution
		{9EB7A246-2609-40E2-B89A-2C464F72771E}.Debug|Any CPU.ActiveCfg = Debug|Any CPU
		{9EB7A246-2609-40E2-B89A-2C464F72771E}.Debug|Any CPU.Build.0 = Debug|Any CPU
		{9EB7A246-2609-40E2-B89A-2C464F72771E}.Release|Any CPU.ActiveCfg = Release|Any CPU
		{9EB7A246-2609-40E2-B89A-2C464F72771E}.Release|Any CPU.Build.0 = Release|Any CPU
	EndGlobalSection
	GlobalSection(SolutionProperties) = preSolution
		HideSolutionNode = FALSE
	EndGlobalSection
	GlobalSection(NestedProjects) = preSolution
		{9EB7A246-2609-40E2-B89A-2C464F72771E} = {FCBB6158-EEEF-4EA3-8296-B4934D6A72A8}
	EndGlobalSection
	GlobalSection(ExtensibilityGlobals) = postSolution
		SolutionGuid = {69896BC6-0CDF-4815-9957-08D0F4D467EA}
	EndGlobalSection
EndGlobal
>>>>>>> 26ecc6bbf2aee721ff340cbdf35f3aa530ffeffb
