
Microsoft Visual Studio Solution File, Format Version 12.00
# Visual Studio Version 17
VisualStudioVersion = 17.8.34525.116
MinimumVisualStudioVersion = 10.0.40219.1
Project("{FAE04EC0-301F-11D3-BF4B-00C04F79EFBC}") = "Troopers.Capibank", "Troopers.Capibank.csproj", "{7F38ED4D-7C47-406F-9A54-1DA8C063CDE7}"
EndProject
Global
	GlobalSection(SolutionConfigurationPlatforms) = preSolution
		Debug|Any CPU = Debug|Any CPU
		Release|Any CPU = Release|Any CPU
	EndGlobalSection
	GlobalSection(ProjectConfigurationPlatforms) = postSolution
		{7F38ED4D-7C47-406F-9A54-1DA8C063CDE7}.Debug|Any CPU.ActiveCfg = Debug|Any CPU
		{7F38ED4D-7C47-406F-9A54-1DA8C063CDE7}.Debug|Any CPU.Build.0 = Debug|Any CPU
		{7F38ED4D-7C47-406F-9A54-1DA8C063CDE7}.Release|Any CPU.ActiveCfg = Release|Any CPU
		{7F38ED4D-7C47-406F-9A54-1DA8C063CDE7}.Release|Any CPU.Build.0 = Release|Any CPU
	EndGlobalSection
	GlobalSection(SolutionProperties) = preSolution
		HideSolutionNode = FALSE
	EndGlobalSection
	GlobalSection(ExtensibilityGlobals) = postSolution
		SolutionGuid = {4E08147D-2767-4DD9-AC42-9A13191DA27F}
	EndGlobalSection
EndGlobal
